
Microsoft Visual Studio Solution File, Format Version 12.00
# Visual Studio Version 17
VisualStudioVersion = 17.0.31919.166
MinimumVisualStudioVersion = 10.0.40219.1
Project("{FAE04EC0-301F-11D3-BF4B-00C04F79EFBC}") = "ExercicioLista", "ExercicioLista.csproj", "{AAEEF52C-900B-46A9-A963-E5431059FEB0}"
EndProject
Global
	GlobalSection(SolutionConfigurationPlatforms) = preSolution
		Debug|Any CPU = Debug|Any CPU
		Release|Any CPU = Release|Any CPU
	EndGlobalSection
	GlobalSection(ProjectConfigurationPlatforms) = postSolution
		{AAEEF52C-900B-46A9-A963-E5431059FEB0}.Debug|Any CPU.ActiveCfg = Debug|Any CPU
		{AAEEF52C-900B-46A9-A963-E5431059FEB0}.Debug|Any CPU.Build.0 = Debug|Any CPU
		{AAEEF52C-900B-46A9-A963-E5431059FEB0}.Release|Any CPU.ActiveCfg = Release|Any CPU
		{AAEEF52C-900B-46A9-A963-E5431059FEB0}.Release|Any CPU.Build.0 = Release|Any CPU
	EndGlobalSection
	GlobalSection(SolutionProperties) = preSolution
		HideSolutionNode = FALSE
	EndGlobalSection
	GlobalSection(ExtensibilityGlobals) = postSolution
		SolutionGuid = {29B81DCD-AF3E-45D5-BC09-3CDF80BD6C78}
	EndGlobalSection
EndGlobal
